
Microsoft Visual Studio Solution File, Format Version 12.00
# Visual Studio Version 16
VisualStudioVersion = 16.0.31205.134
MinimumVisualStudioVersion = 10.0.40219.1
Project("{FAE04EC0-301F-11D3-BF4B-00C04F79EFBC}") = "SWE3-OR-Mapper", "SWE3-OR-Mapper\SWE3-OR-Mapper.csproj", "{5BA35D02-BC32-4559-8ED0-688EEF70605D}"
EndProject
Project("{FAE04EC0-301F-11D3-BF4B-00C04F79EFBC}") = "SWE3-OR-Mapper.SampleApp", "SWE3-OR-Mapper.SampleApp\SWE3-OR-Mapper.SampleApp.csproj", "{E09BBF26-2BBD-49AD-9BC7-B5A23C29E52B}"
EndProject
Global
	GlobalSection(SolutionConfigurationPlatforms) = preSolution
		Debug|Any CPU = Debug|Any CPU
		Release|Any CPU = Release|Any CPU
	EndGlobalSection
	GlobalSection(ProjectConfigurationPlatforms) = postSolution
		{5BA35D02-BC32-4559-8ED0-688EEF70605D}.Debug|Any CPU.ActiveCfg = Debug|Any CPU
		{5BA35D02-BC32-4559-8ED0-688EEF70605D}.Debug|Any CPU.Build.0 = Debug|Any CPU
		{5BA35D02-BC32-4559-8ED0-688EEF70605D}.Release|Any CPU.ActiveCfg = Release|Any CPU
		{5BA35D02-BC32-4559-8ED0-688EEF70605D}.Release|Any CPU.Build.0 = Release|Any CPU
		{E09BBF26-2BBD-49AD-9BC7-B5A23C29E52B}.Debug|Any CPU.ActiveCfg = Debug|Any CPU
		{E09BBF26-2BBD-49AD-9BC7-B5A23C29E52B}.Debug|Any CPU.Build.0 = Debug|Any CPU
		{E09BBF26-2BBD-49AD-9BC7-B5A23C29E52B}.Release|Any CPU.ActiveCfg = Release|Any CPU
		{E09BBF26-2BBD-49AD-9BC7-B5A23C29E52B}.Release|Any CPU.Build.0 = Release|Any CPU
	EndGlobalSection
	GlobalSection(SolutionProperties) = preSolution
		HideSolutionNode = FALSE
	EndGlobalSection
	GlobalSection(ExtensibilityGlobals) = postSolution
		SolutionGuid = {C6975C85-F671-434A-A152-C01B1DE03F8D}
	EndGlobalSection
EndGlobal
